
Microsoft Visual Studio Solution File, Format Version 12.00
# Visual Studio Version 17
VisualStudioVersion = 17.0.31903.59
MinimumVisualStudioVersion = 15.0.26124.0
Project("{9A19103F-16F7-4668-BE54-9A1E7A4F7556}") = "CSharpGOL.Application", "CSharpGOL.Application\CSharpGOL.Application.csproj", "{6CC95D81-0546-4C3C-AC76-56ECA67BDB51}"
EndProject
Project("{9A19103F-16F7-4668-BE54-9A1E7A4F7556}") = "CSharpGOL.Core", "CSharpGOL.Core\CSharpGOL.Core.csproj", "{2F01D812-408A-427D-AA02-533594F7BDAB}"
EndProject
Global
	GlobalSection(SolutionConfigurationPlatforms) = preSolution
		Debug|Any CPU = Debug|Any CPU
		Debug|x64 = Debug|x64
		Debug|x86 = Debug|x86
		Release|Any CPU = Release|Any CPU
		Release|x64 = Release|x64
		Release|x86 = Release|x86
	EndGlobalSection
	GlobalSection(ProjectConfigurationPlatforms) = postSolution
		{6CC95D81-0546-4C3C-AC76-56ECA67BDB51}.Debug|Any CPU.ActiveCfg = Debug|Any CPU
		{6CC95D81-0546-4C3C-AC76-56ECA67BDB51}.Debug|Any CPU.Build.0 = Debug|Any CPU
		{6CC95D81-0546-4C3C-AC76-56ECA67BDB51}.Debug|x64.ActiveCfg = Debug|Any CPU
		{6CC95D81-0546-4C3C-AC76-56ECA67BDB51}.Debug|x64.Build.0 = Debug|Any CPU
		{6CC95D81-0546-4C3C-AC76-56ECA67BDB51}.Debug|x86.ActiveCfg = Debug|Any CPU
		{6CC95D81-0546-4C3C-AC76-56ECA67BDB51}.Debug|x86.Build.0 = Debug|Any CPU
		{6CC95D81-0546-4C3C-AC76-56ECA67BDB51}.Release|Any CPU.ActiveCfg = Release|Any CPU
		{6CC95D81-0546-4C3C-AC76-56ECA67BDB51}.Release|Any CPU.Build.0 = Release|Any CPU
		{6CC95D81-0546-4C3C-AC76-56ECA67BDB51}.Release|x64.ActiveCfg = Release|Any CPU
		{6CC95D81-0546-4C3C-AC76-56ECA67BDB51}.Release|x64.Build.0 = Release|Any CPU
		{6CC95D81-0546-4C3C-AC76-56ECA67BDB51}.Release|x86.ActiveCfg = Release|Any CPU
		{6CC95D81-0546-4C3C-AC76-56ECA67BDB51}.Release|x86.Build.0 = Release|Any CPU
		{2F01D812-408A-427D-AA02-533594F7BDAB}.Debug|Any CPU.ActiveCfg = Debug|Any CPU
		{2F01D812-408A-427D-AA02-533594F7BDAB}.Debug|Any CPU.Build.0 = Debug|Any CPU
		{2F01D812-408A-427D-AA02-533594F7BDAB}.Debug|x64.ActiveCfg = Debug|Any CPU
		{2F01D812-408A-427D-AA02-533594F7BDAB}.Debug|x64.Build.0 = Debug|Any CPU
		{2F01D812-408A-427D-AA02-533594F7BDAB}.Debug|x86.ActiveCfg = Debug|Any CPU
		{2F01D812-408A-427D-AA02-533594F7BDAB}.Debug|x86.Build.0 = Debug|Any CPU
		{2F01D812-408A-427D-AA02-533594F7BDAB}.Release|Any CPU.ActiveCfg = Release|Any CPU
		{2F01D812-408A-427D-AA02-533594F7BDAB}.Release|Any CPU.Build.0 = Release|Any CPU
		{2F01D812-408A-427D-AA02-533594F7BDAB}.Release|x64.ActiveCfg = Release|Any CPU
		{2F01D812-408A-427D-AA02-533594F7BDAB}.Release|x64.Build.0 = Release|Any CPU
		{2F01D812-408A-427D-AA02-533594F7BDAB}.Release|x86.ActiveCfg = Release|Any CPU
		{2F01D812-408A-427D-AA02-533594F7BDAB}.Release|x86.Build.0 = Release|Any CPU
	EndGlobalSection
	GlobalSection(SolutionProperties) = preSolution
		HideSolutionNode = FALSE
	EndGlobalSection
	GlobalSection(ExtensibilityGlobals) = postSolution
		SolutionGuid = {CB235C71-398A-4FDD-A83D-F40BE42AFE14}
	EndGlobalSection
EndGlobal
